
Microsoft Visual Studio Solution File, Format Version 12.00
# Visual Studio Version 16
VisualStudioVersion = 16.0.31410.357
MinimumVisualStudioVersion = 10.0.40219.1
Project("{FAE04EC0-301F-11D3-BF4B-00C04F79EFBC}") = "Blazorwebapp.Server", "Blazorwebapp\Server\Blazorwebapp.Server.csproj", "{9C0C0BAC-97C4-4AA2-B6F8-48EE6E85C0FA}"
EndProject
Project("{FAE04EC0-301F-11D3-BF4B-00C04F79EFBC}") = "Blazorwebapp.Client", "Blazorwebapp\Client\Blazorwebapp.Client.csproj", "{C498D304-3324-4C19-9D9D-52ED3A19F83D}"
EndProject
Project("{FAE04EC0-301F-11D3-BF4B-00C04F79EFBC}") = "Blazorwebapp.Shared", "Blazorwebapp\Shared\Blazorwebapp.Shared.csproj", "{08097EF8-F7FE-4047-BE6C-5A1C7A0E1B2B}"
EndProject
Global
	GlobalSection(SolutionConfigurationPlatforms) = preSolution
		Debug|Any CPU = Debug|Any CPU
		Release|Any CPU = Release|Any CPU
	EndGlobalSection
	GlobalSection(ProjectConfigurationPlatforms) = postSolution
		{9C0C0BAC-97C4-4AA2-B6F8-48EE6E85C0FA}.Debug|Any CPU.ActiveCfg = Debug|Any CPU
		{9C0C0BAC-97C4-4AA2-B6F8-48EE6E85C0FA}.Debug|Any CPU.Build.0 = Debug|Any CPU
		{9C0C0BAC-97C4-4AA2-B6F8-48EE6E85C0FA}.Release|Any CPU.ActiveCfg = Release|Any CPU
		{9C0C0BAC-97C4-4AA2-B6F8-48EE6E85C0FA}.Release|Any CPU.Build.0 = Release|Any CPU
		{C498D304-3324-4C19-9D9D-52ED3A19F83D}.Debug|Any CPU.ActiveCfg = Debug|Any CPU
		{C498D304-3324-4C19-9D9D-52ED3A19F83D}.Debug|Any CPU.Build.0 = Debug|Any CPU
		{C498D304-3324-4C19-9D9D-52ED3A19F83D}.Release|Any CPU.ActiveCfg = Release|Any CPU
		{C498D304-3324-4C19-9D9D-52ED3A19F83D}.Release|Any CPU.Build.0 = Release|Any CPU
		{08097EF8-F7FE-4047-BE6C-5A1C7A0E1B2B}.Debug|Any CPU.ActiveCfg = Debug|Any CPU
		{08097EF8-F7FE-4047-BE6C-5A1C7A0E1B2B}.Debug|Any CPU.Build.0 = Debug|Any CPU
		{08097EF8-F7FE-4047-BE6C-5A1C7A0E1B2B}.Release|Any CPU.ActiveCfg = Release|Any CPU
		{08097EF8-F7FE-4047-BE6C-5A1C7A0E1B2B}.Release|Any CPU.Build.0 = Release|Any CPU
	EndGlobalSection
	GlobalSection(SolutionProperties) = preSolution
		HideSolutionNode = FALSE
	EndGlobalSection
	GlobalSection(ExtensibilityGlobals) = postSolution
		SolutionGuid = {4F78DAAC-93BB-4275-9D48-0335AA338F1E}
	EndGlobalSection
EndGlobal
